
Microsoft Visual Studio Solution File, Format Version 12.00
# Visual Studio Version 16
VisualStudioVersion = 16.0.29503.13
MinimumVisualStudioVersion = 10.0.40219.1
Project("{FAE04EC0-301F-11D3-BF4B-00C04F79EFBC}") = "gonews", "gonews.csproj", "{40EE4DEA-6EFA-4BF0-9166-AA3520D69C05}"
EndProject
Global
	GlobalSection(SolutionConfigurationPlatforms) = preSolution
		Debug|Any CPU = Debug|Any CPU
		Release|Any CPU = Release|Any CPU
	EndGlobalSection
	GlobalSection(ProjectConfigurationPlatforms) = postSolution
		{40EE4DEA-6EFA-4BF0-9166-AA3520D69C05}.Debug|Any CPU.ActiveCfg = Debug|Any CPU
		{40EE4DEA-6EFA-4BF0-9166-AA3520D69C05}.Debug|Any CPU.Build.0 = Debug|Any CPU
		{40EE4DEA-6EFA-4BF0-9166-AA3520D69C05}.Release|Any CPU.ActiveCfg = Release|Any CPU
		{40EE4DEA-6EFA-4BF0-9166-AA3520D69C05}.Release|Any CPU.Build.0 = Release|Any CPU
	EndGlobalSection
	GlobalSection(SolutionProperties) = preSolution
		HideSolutionNode = FALSE
	EndGlobalSection
	GlobalSection(ExtensibilityGlobals) = postSolution
		SolutionGuid = {EDA03D6B-6635-49C3-BDA1-EE38DDFD6DA2}
	EndGlobalSection
EndGlobal
